// !$*UTF8*$!
{
	archiveVersion = 1;
	classes = {
	};
	objectVersion = 77;
	objects = {

/* Begin PBXBuildFile section */
		043D3DDCD92DD2D61966D9C6 /* NibShare.appex in Embed Foundation Extensions */ = {isa = PBXBuildFile; fileRef = 42E526F6395ABDFF8B06D913 /* NibShare.appex */; settings = {ATTRIBUTES = (RemoveHeadersOnCopy, ); }; };
		0E59C97DA24A6BCDBC7FFE9B /* NibKit in Frameworks */ = {isa = PBXBuildFile; productRef = FDAA1FCA80FC87818949AEC4 /* NibKit */; };
		3DCE66D07DDEBC22CA25D504 /* AppDelegate.swift in Sources */ = {isa = PBXBuildFile; fileRef = 69D6324A65975537D5449559 /* AppDelegate.swift */; };
		642232BAFA0B309BBEFDADE7 /* NibAppIntents.swift in Sources */ = {isa = PBXBuildFile; fileRef = B3C0DB952C4E9374F3DE4FD9 /* NibAppIntents.swift */; };
		6F97691939F9A50E41EEB16E /* NibWidgetsBundle.swift in Sources */ = {isa = PBXBuildFile; fileRef = 82588724F30A00502CC6AE5C /* NibWidgetsBundle.swift */; };
		7195E9383A2604C52CC8C63B /* QuickNoteWidget.swift in Sources */ = {isa = PBXBuildFile; fileRef = AECA6DD97F5D0F0C89D0EC9D /* QuickNoteWidget.swift */; };
		743268E2D19CDDCD14566B9D /* Assets.xcassets in Resources */ = {isa = PBXBuildFile; fileRef = 16414B50134CE772CEECC6A6 /* Assets.xcassets */; };
		9974CD887D051B60AC6DB0E4 /* ShellViewController.swift in Sources */ = {isa = PBXBuildFile; fileRef = 2F47CD3A93812C76101FC137 /* ShellViewController.swift */; };
		A2EF15BBCB8F487D6D20ECAC /* Localizable.xcstrings in Resources */ = {isa = PBXBuildFile; fileRef = 0B422A52C7205B15D2A32046 /* Localizable.xcstrings */; };
		B966BC7C4F078C79BB11458F /* FeatureList.swift in Sources */ = {isa = PBXBuildFile; fileRef = BF9F1020D8C1DA1AF2551B4D /* FeatureList.swift */; };
		CA6241CEC5948A1FBED29FF3 /* parity.json in Resources */ = {isa = PBXBuildFile; fileRef = C299C78621A7641AE7E52FD1 /* parity.json */; };
		CFD67DB1265FA4665447ADCE /* Settings.bundle in Resources */ = {isa = PBXBuildFile; fileRef = BD401468DF3A3FFB104ED73D /* Settings.bundle */; };
		D2147AF22E32E5BB27B234F6 /* NibWidgets.appex in Embed Foundation Extensions */ = {isa = PBXBuildFile; fileRef = 4E0D639D625D9D9A3EB41228 /* NibWidgets.appex */; settings = {ATTRIBUTES = (RemoveHeadersOnCopy, ); }; };
		FA2303CBF57E70AE7ED02FC1 /* ShareViewController.swift in Sources */ = {isa = PBXBuildFile; fileRef = 6CB1EE309786D0D7FCD50DBA /* ShareViewController.swift */; };
/* End PBXBuildFile section */

/* Begin PBXContainerItemProxy section */
		782A85BCB29D08E7B393BEC8 /* PBXContainerItemProxy */ = {
			isa = PBXContainerItemProxy;
			containerPortal = DE190AA07A7FBA8D7BC434E9 /* Project object */;
			proxyType = 1;
			remoteGlobalIDString = D987DEDD4382FE40710CA355;
			remoteInfo = NibWidgets;
		};
		8EEDFC232C30DBBD745E5488 /* PBXContainerItemProxy */ = {
			isa = PBXContainerItemProxy;
			containerPortal = DE190AA07A7FBA8D7BC434E9 /* Project object */;
			proxyType = 1;
			remoteGlobalIDString = 6B6D6459D10CD63E84B831D5;
			remoteInfo = NibShare;
		};
/* End PBXContainerItemProxy section */

/* Begin PBXCopyFilesBuildPhase section */
		D383732B9572964C7F01868A /* Embed Foundation Extensions */ = {
			isa = PBXCopyFilesBuildPhase;
			buildActionMask = 2147483647;
			dstPath = "";
			dstSubfolderSpec = 13;
			files = (
				D2147AF22E32E5BB27B234F6 /* NibWidgets.appex in Embed Foundation Extensions */,
				043D3DDCD92DD2D61966D9C6 /* NibShare.appex in Embed Foundation Extensions */,
			);
			name = "Embed Foundation Extensions";
			runOnlyForDeploymentPostprocessing = 0;
		};
/* End PBXCopyFilesBuildPhase section */

/* Begin PBXFileReference section */
		0B422A52C7205B15D2A32046 /* Localizable.xcstrings */ = {isa = PBXFileReference; lastKnownFileType = text.json.xcstrings; path = Localizable.xcstrings; sourceTree = "<group>"; };
		16414B50134CE772CEECC6A6 /* Assets.xcassets */ = {isa = PBXFileReference; lastKnownFileType = folder.assetcatalog; path = Assets.xcassets; sourceTree = "<group>"; };
		1A7FDED64ECF19EB90E3B452 /* NibWidgets.entitlements */ = {isa = PBXFileReference; lastKnownFileType = text.plist.entitlements; path = NibWidgets.entitlements; sourceTree = "<group>"; };
		2F47CD3A93812C76101FC137 /* ShellViewController.swift */ = {isa = PBXFileReference; lastKnownFileType = sourcecode.swift; path = ShellViewController.swift; sourceTree = "<group>"; };
		42E526F6395ABDFF8B06D913 /* NibShare.appex */ = {isa = PBXFileReference; includeInIndex = 0; lastKnownFileType = "wrapper.app-extension"; path = NibShare.appex; sourceTree = BUILT_PRODUCTS_DIR; };
		4E0D639D625D9D9A3EB41228 /* NibWidgets.appex */ = {isa = PBXFileReference; includeInIndex = 0; lastKnownFileType = "wrapper.app-extension"; path = NibWidgets.appex; sourceTree = BUILT_PRODUCTS_DIR; };
		4E43023F9CA55121A9103EEC /* NibShare.entitlements */ = {isa = PBXFileReference; lastKnownFileType = text.plist.entitlements; path = NibShare.entitlements; sourceTree = "<group>"; };
		4EEDA38C102A9C05D4BFE024 /* Nib.entitlements */ = {isa = PBXFileReference; lastKnownFileType = text.plist.entitlements; path = Nib.entitlements; sourceTree = "<group>"; };
		5C28FF52CC90535199BA1982 /* Info.plist */ = {isa = PBXFileReference; lastKnownFileType = text.plist; path = Info.plist; sourceTree = "<group>"; };
		5CF85227041218DC990CF91D /* NibKit */ = {isa = PBXFileReference; lastKnownFileType = folder; name = NibKit; path = NibKit; sourceTree = SOURCE_ROOT; };
		69D6324A65975537D5449559 /* AppDelegate.swift */ = {isa = PBXFileReference; lastKnownFileType = sourcecode.swift; path = AppDelegate.swift; sourceTree = "<group>"; };
		6B7405E10F9BFBDBF72AC385 /* Nib.app */ = {isa = PBXFileReference; includeInIndex = 0; lastKnownFileType = wrapper.application; path = Nib.app; sourceTree = BUILT_PRODUCTS_DIR; };
		6CB1EE309786D0D7FCD50DBA /* ShareViewController.swift */ = {isa = PBXFileReference; lastKnownFileType = sourcecode.swift; path = ShareViewController.swift; sourceTree = "<group>"; };
		82588724F30A00502CC6AE5C /* NibWidgetsBundle.swift */ = {isa = PBXFileReference; lastKnownFileType = sourcecode.swift; path = NibWidgetsBundle.swift; sourceTree = "<group>"; };
		89B7C037A40C6C5C2B58CC80 /* Info.plist */ = {isa = PBXFileReference; lastKnownFileType = text.plist; path = Info.plist; sourceTree = "<group>"; };
		AECA6DD97F5D0F0C89D0EC9D /* QuickNoteWidget.swift */ = {isa = PBXFileReference; lastKnownFileType = sourcecode.swift; path = QuickNoteWidget.swift; sourceTree = "<group>"; };
		B3C0DB952C4E9374F3DE4FD9 /* NibAppIntents.swift */ = {isa = PBXFileReference; lastKnownFileType = sourcecode.swift; path = NibAppIntents.swift; sourceTree = "<group>"; };
		BD401468DF3A3FFB104ED73D /* Settings.bundle */ = {isa = PBXFileReference; lastKnownFileType = wrapper.cfbundle; path = Settings.bundle; sourceTree = "<group>"; };
		BF9F1020D8C1DA1AF2551B4D /* FeatureList.swift */ = {isa = PBXFileReference; lastKnownFileType = sourcecode.swift; path = FeatureList.swift; sourceTree = "<group>"; };
		C299C78621A7641AE7E52FD1 /* parity.json */ = {isa = PBXFileReference; lastKnownFileType = text.json; path = parity.json; sourceTree = "<group>"; };
		C7B8CBFFA04D5A55CF48DF72 /* Info.plist */ = {isa = PBXFileReference; lastKnownFileType = text.plist; path = Info.plist; sourceTree = "<group>"; };
/* End PBXFileReference section */

/* Begin PBXFrameworksBuildPhase section */
		59793D22D9A9E8F9D968A51E /* Frameworks */ = {
			isa = PBXFrameworksBuildPhase;
			buildActionMask = 2147483647;
			files = (
				0E59C97DA24A6BCDBC7FFE9B /* NibKit in Frameworks */,
			);
			runOnlyForDeploymentPostprocessing = 0;
		};
/* End PBXFrameworksBuildPhase section */

/* Begin PBXGroup section */
		151732BF284D52DD1655E1CD /* Nib */ = {
			isa = PBXGroup;
			children = (
				5C28FF52CC90535199BA1982 /* Info.plist */,
				4EEDA38C102A9C05D4BFE024 /* Nib.entitlements */,
				BD401468DF3A3FFB104ED73D /* Settings.bundle */,
				2C7B38E7F3069A44FE43E02F /* App */,
				E18EEE32E98E6E4CE1D595D9 /* Intents */,
				9BADEC3823AB0C798A2C149B /* Resources */,
			);
			path = Nib;
			sourceTree = "<group>";
		};
		2C7B38E7F3069A44FE43E02F /* App */ = {
			isa = PBXGroup;
			children = (
				69D6324A65975537D5449559 /* AppDelegate.swift */,
				BF9F1020D8C1DA1AF2551B4D /* FeatureList.swift */,
				2F47CD3A93812C76101FC137 /* ShellViewController.swift */,
			);
			path = App;
			sourceTree = "<group>";
		};
		3C409D27FA4E25C19389555F /* Products */ = {
			isa = PBXGroup;
			children = (
				6B7405E10F9BFBDBF72AC385 /* Nib.app */,
				42E526F6395ABDFF8B06D913 /* NibShare.appex */,
				4E0D639D625D9D9A3EB41228 /* NibWidgets.appex */,
			);
			name = Products;
			sourceTree = "<group>";
		};
		58251BB91F1BCC484FBC9342 = {
			isa = PBXGroup;
			children = (
				151732BF284D52DD1655E1CD /* Nib */,
				7A6891FF9FB79872EC68B9BF /* NibShare */,
				7E511936DB5DF22ACAE1A830 /* NibWidgets */,
				8C80D4DF2F8EA9FDCF0E2FD9 /* Packages */,
				3C409D27FA4E25C19389555F /* Products */,
			);
			sourceTree = "<group>";
		};
		7A6891FF9FB79872EC68B9BF /* NibShare */ = {
			isa = PBXGroup;
			children = (
				C7B8CBFFA04D5A55CF48DF72 /* Info.plist */,
				4E43023F9CA55121A9103EEC /* NibShare.entitlements */,
				6CB1EE309786D0D7FCD50DBA /* ShareViewController.swift */,
			);
			path = NibShare;
			sourceTree = "<group>";
		};
		7E511936DB5DF22ACAE1A830 /* NibWidgets */ = {
			isa = PBXGroup;
			children = (
				89B7C037A40C6C5C2B58CC80 /* Info.plist */,
				1A7FDED64ECF19EB90E3B452 /* NibWidgets.entitlements */,
				82588724F30A00502CC6AE5C /* NibWidgetsBundle.swift */,
				AECA6DD97F5D0F0C89D0EC9D /* QuickNoteWidget.swift */,
			);
			path = NibWidgets;
			sourceTree = "<group>";
		};
		8C80D4DF2F8EA9FDCF0E2FD9 /* Packages */ = {
			isa = PBXGroup;
			children = (
				5CF85227041218DC990CF91D /* NibKit */,
			);
			name = Packages;
			sourceTree = "<group>";
		};
		9BADEC3823AB0C798A2C149B /* Resources */ = {
			isa = PBXGroup;
			children = (
				16414B50134CE772CEECC6A6 /* Assets.xcassets */,
				0B422A52C7205B15D2A32046 /* Localizable.xcstrings */,
				C299C78621A7641AE7E52FD1 /* parity.json */,
			);
			path = Resources;
			sourceTree = "<group>";
		};
		E18EEE32E98E6E4CE1D595D9 /* Intents */ = {
			isa = PBXGroup;
			children = (
				B3C0DB952C4E9374F3DE4FD9 /* NibAppIntents.swift */,
			);
			path = Intents;
			sourceTree = "<group>";
		};
/* End PBXGroup section */

/* Begin PBXNativeTarget section */
		6B6D6459D10CD63E84B831D5 /* NibShare */ = {
			isa = PBXNativeTarget;
			buildConfigurationList = 94A8F88EB9AE0090F14272E2 /* Build configuration list for PBXNativeTarget "NibShare" */;
			buildPhases = (
				724ABF8B2B0F0922A24BD52F /* Sources */,
			);
			buildRules = (
			);
			dependencies = (
			);
			name = NibShare;
			packageProductDependencies = (
			);
			productName = NibShare;
			productReference = 42E526F6395ABDFF8B06D913 /* NibShare.appex */;
			productType = "com.apple.product-type.app-extension";
		};
		C15769AED6F15C320C8DC4B3 /* Nib */ = {
			isa = PBXNativeTarget;
			buildConfigurationList = 1359862000C9CB3750885AD8 /* Build configuration list for PBXNativeTarget "Nib" */;
			buildPhases = (
				CFD6067CD8549F2097C3AE7E /* Sources */,
				A42E49F27D80E039936B5E45 /* Resources */,
				59793D22D9A9E8F9D968A51E /* Frameworks */,
				D383732B9572964C7F01868A /* Embed Foundation Extensions */,
			);
			buildRules = (
			);
			dependencies = (
				8B6CB7D966A0D5675F745B09 /* PBXTargetDependency */,
				6793442E814669C62BDCB0CA /* PBXTargetDependency */,
			);
			name = Nib;
			packageProductDependencies = (
				FDAA1FCA80FC87818949AEC4 /* NibKit */,
			);
			productName = Nib;
			productReference = 6B7405E10F9BFBDBF72AC385 /* Nib.app */;
			productType = "com.apple.product-type.application";
		};
		D987DEDD4382FE40710CA355 /* NibWidgets */ = {
			isa = PBXNativeTarget;
			buildConfigurationList = 8EC4B1D28FB13E9C2E03AC80 /* Build configuration list for PBXNativeTarget "NibWidgets" */;
			buildPhases = (
				B1877D551621F13D7840742F /* Sources */,
			);
			buildRules = (
			);
			dependencies = (
			);
			name = NibWidgets;
			packageProductDependencies = (
			);
			productName = NibWidgets;
			productReference = 4E0D639D625D9D9A3EB41228 /* NibWidgets.appex */;
			productType = "com.apple.product-type.app-extension";
		};
/* End PBXNativeTarget section */

/* Begin PBXProject section */
		DE190AA07A7FBA8D7BC434E9 /* Project object */ = {
			isa = PBXProject;
			attributes = {
				BuildIndependentTargetsInParallel = YES;
				LastUpgradeCheck = 1430;
				TargetAttributes = {
					6B6D6459D10CD63E84B831D5 = {
						DevelopmentTeam = "";
					};
					C15769AED6F15C320C8DC4B3 = {
						DevelopmentTeam = "";
					};
					D987DEDD4382FE40710CA355 = {
						DevelopmentTeam = "";
					};
				};
			};
			buildConfigurationList = 0CED075021F6DBA547911651 /* Build configuration list for PBXProject "Nib" */;
			developmentRegion = en;
			hasScannedForEncodings = 0;
			knownRegions = (
				Base,
				en,
			);
			mainGroup = 58251BB91F1BCC484FBC9342;
			minimizedProjectReferenceProxies = 1;
			packageReferences = (
				0C9D24A8F427867486749A43 /* XCLocalSwiftPackageReference "NibKit" */,
			);
			preferredProjectObjectVersion = 77;
			productRefGroup = 3C409D27FA4E25C19389555F /* Products */;
			projectDirPath = "";
			projectRoot = "";
			targets = (
				C15769AED6F15C320C8DC4B3 /* Nib */,
				6B6D6459D10CD63E84B831D5 /* NibShare */,
				D987DEDD4382FE40710CA355 /* NibWidgets */,
			);
		};
/* End PBXProject section */

/* Begin PBXResourcesBuildPhase section */
		A42E49F27D80E039936B5E45 /* Resources */ = {
			isa = PBXResourcesBuildPhase;
			buildActionMask = 2147483647;
			files = (
				743268E2D19CDDCD14566B9D /* Assets.xcassets in Resources */,
				A2EF15BBCB8F487D6D20ECAC /* Localizable.xcstrings in Resources */,
				CFD67DB1265FA4665447ADCE /* Settings.bundle in Resources */,
				CA6241CEC5948A1FBED29FF3 /* parity.json in Resources */,
			);
			runOnlyForDeploymentPostprocessing = 0;
		};
/* End PBXResourcesBuildPhase section */

/* Begin PBXSourcesBuildPhase section */
		724ABF8B2B0F0922A24BD52F /* Sources */ = {
			isa = PBXSourcesBuildPhase;
			buildActionMask = 2147483647;
			files = (
				FA2303CBF57E70AE7ED02FC1 /* ShareViewController.swift in Sources */,
			);
			runOnlyForDeploymentPostprocessing = 0;
		};
		B1877D551621F13D7840742F /* Sources */ = {
			isa = PBXSourcesBuildPhase;
			buildActionMask = 2147483647;
			files = (
				6F97691939F9A50E41EEB16E /* NibWidgetsBundle.swift in Sources */,
				7195E9383A2604C52CC8C63B /* QuickNoteWidget.swift in Sources */,
			);
			runOnlyForDeploymentPostprocessing = 0;
		};
		CFD6067CD8549F2097C3AE7E /* Sources */ = {
			isa = PBXSourcesBuildPhase;
			buildActionMask = 2147483647;
			files = (
				3DCE66D07DDEBC22CA25D504 /* AppDelegate.swift in Sources */,
				B966BC7C4F078C79BB11458F /* FeatureList.swift in Sources */,
				642232BAFA0B309BBEFDADE7 /* NibAppIntents.swift in Sources */,
				9974CD887D051B60AC6DB0E4 /* ShellViewController.swift in Sources */,
			);
			runOnlyForDeploymentPostprocessing = 0;
		};
/* End PBXSourcesBuildPhase section */

/* Begin PBXTargetDependency section */
		6793442E814669C62BDCB0CA /* PBXTargetDependency */ = {
			isa = PBXTargetDependency;
			target = 6B6D6459D10CD63E84B831D5 /* NibShare */;
			targetProxy = 8EEDFC232C30DBBD745E5488 /* PBXContainerItemProxy */;
		};
		8B6CB7D966A0D5675F745B09 /* PBXTargetDependency */ = {
			isa = PBXTargetDependency;
			target = D987DEDD4382FE40710CA355 /* NibWidgets */;
			targetProxy = 782A85BCB29D08E7B393BEC8 /* PBXContainerItemProxy */;
		};
/* End PBXTargetDependency section */

/* Begin XCBuildConfiguration section */
		2F4A4F346F3FC0E946C9B43D /* Debug */ = {
			isa = XCBuildConfiguration;
			buildSettings = {
				CODE_SIGN_ENTITLEMENTS = NibShare/NibShare.entitlements;
				INFOPLIST_FILE = NibShare/Info.plist;
				LD_RUNPATH_SEARCH_PATHS = (
					"$(inherited)",
					"@executable_path/Frameworks",
					"@executable_path/../../Frameworks",
				);
				PRODUCT_BUNDLE_IDENTIFIER = app.nib.Nib.share;
				PRODUCT_NAME = NibShare;
				SDKROOT = iphoneos;
				SKIP_INSTALL = YES;
				TARGETED_DEVICE_FAMILY = "1,2";
			};
			name = Debug;
		};
		51354063BCD8539DDCCC302B /* Release */ = {
			isa = XCBuildConfiguration;
			buildSettings = {
				ASSETCATALOG_COMPILER_APPICON_NAME = AppIcon;
				ASSETCATALOG_COMPILER_GLOBAL_ACCENT_COLOR_NAME = AccentColor;
				CODE_SIGN_ENTITLEMENTS = Nib/Nib.entitlements;
				CODE_SIGN_IDENTITY = "iPhone Developer";
				INFOPLIST_FILE = Nib/Info.plist;
				LD_RUNPATH_SEARCH_PATHS = (
					"$(inherited)",
					"@executable_path/Frameworks",
				);
				PRODUCT_BUNDLE_IDENTIFIER = app.nib.Nib;
				PRODUCT_NAME = Nib;
				SDKROOT = iphoneos;
				TARGETED_DEVICE_FAMILY = "1,2";
			};
			name = Release;
		};
		6B1A84871DD3A3777E5BFFC8 /* Release */ = {
			isa = XCBuildConfiguration;
			buildSettings = {
				ALWAYS_SEARCH_USER_PATHS = NO;
				CLANG_ANALYZER_NONNULL = YES;
				CLANG_ANALYZER_NUMBER_OBJECT_CONVERSION = YES_AGGRESSIVE;
				CLANG_CXX_LANGUAGE_STANDARD = "gnu++14";
				CLANG_CXX_LIBRARY = "libc++";
				CLANG_ENABLE_MODULES = YES;
				CLANG_ENABLE_OBJC_ARC = YES;
				CLANG_ENABLE_OBJC_WEAK = YES;
				CLANG_WARN_BLOCK_CAPTURE_AUTORELEASING = YES;
				CLANG_WARN_BOOL_CONVERSION = YES;
				CLANG_WARN_COMMA = YES;
				CLANG_WARN_CONSTANT_CONVERSION = YES;
				CLANG_WARN_DEPRECATED_OBJC_IMPLEMENTATIONS = YES;
				CLANG_WARN_DIRECT_OBJC_ISA_USAGE = YES_ERROR;
				CLANG_WARN_DOCUMENTATION_COMMENTS = YES;
				CLANG_WARN_EMPTY_BODY = YES;
				CLANG_WARN_ENUM_CONVERSION = YES;
				CLANG_WARN_INFINITE_RECURSION = YES;
				CLANG_WARN_INT_CONVERSION = YES;
				CLANG_WARN_NON_LITERAL_NULL_CONVERSION = YES;
				CLANG_WARN_OBJC_IMPLICIT_RETAIN_SELF = YES;
				CLANG_WARN_OBJC_LITERAL_CONVERSION = YES;
				CLANG_WARN_OBJC_ROOT_CLASS = YES_ERROR;
				CLANG_WARN_QUOTED_INCLUDE_IN_FRAMEWORK_HEADER = YES;
				CLANG_WARN_RANGE_LOOP_ANALYSIS = YES;
				CLANG_WARN_STRICT_PROTOTYPES = YES;
				CLANG_WARN_SUSPICIOUS_MOVE = YES;
				CLANG_WARN_UNGUARDED_AVAILABILITY = YES_AGGRESSIVE;
				CLANG_WARN_UNREACHABLE_CODE = YES;
				CLANG_WARN__DUPLICATE_METHOD_MATCH = YES;
				CODE_SIGNING_ALLOWED = NO;
				CODE_SIGNING_REQUIRED = NO;
				CODE_SIGN_IDENTITY = "";
				COPY_PHASE_STRIP = NO;
				CURRENT_PROJECT_VERSION = 1;
				DEBUG_INFORMATION_FORMAT = "dwarf-with-dsym";
				DEVELOPMENT_TEAM = "";
				ENABLE_NS_ASSERTIONS = NO;
				ENABLE_STRICT_OBJC_MSGSEND = YES;
				ENABLE_USER_SCRIPT_SANDBOXING = NO;
				GCC_C_LANGUAGE_STANDARD = gnu11;
				GCC_NO_COMMON_BLOCKS = YES;
				GCC_WARN_64_TO_32_BIT_CONVERSION = YES;
				GCC_WARN_ABOUT_RETURN_TYPE = YES_ERROR;
				GCC_WARN_UNDECLARED_SELECTOR = YES;
				GCC_WARN_UNINITIALIZED_AUTOS = YES_AGGRESSIVE;
				GCC_WARN_UNUSED_FUNCTION = YES;
				GCC_WARN_UNUSED_VARIABLE = YES;
				IPHONEOS_DEPLOYMENT_TARGET = 17.0;
				MARKETING_VERSION = 0.1.0;
				MTL_ENABLE_DEBUG_INFO = NO;
				MTL_FAST_MATH = YES;
				PRODUCT_NAME = "$(TARGET_NAME)";
				SDKROOT = iphoneos;
				SWIFT_COMPILATION_MODE = wholemodule;
				SWIFT_OPTIMIZATION_LEVEL = "-O";
				SWIFT_STRICT_CONCURRENCY = minimal;
				SWIFT_VERSION = 5.0;
				TARGETED_DEVICE_FAMILY = "1,2";
			};
			name = Release;
		};
		70C674088409B7756C34D3EB /* Release */ = {
			isa = XCBuildConfiguration;
			buildSettings = {
				CODE_SIGN_ENTITLEMENTS = NibWidgets/NibWidgets.entitlements;
				INFOPLIST_FILE = NibWidgets/Info.plist;
				LD_RUNPATH_SEARCH_PATHS = (
					"$(inherited)",
					"@executable_path/Frameworks",
					"@executable_path/../../Frameworks",
				);
				PRODUCT_BUNDLE_IDENTIFIER = app.nib.Nib.widgets;
				PRODUCT_NAME = NibWidgets;
				SDKROOT = iphoneos;
				SKIP_INSTALL = YES;
				TARGETED_DEVICE_FAMILY = "1,2";
			};
			name = Release;
		};
		7E3A3AEC11697956BBEF9E66 /* Debug */ = {
			isa = XCBuildConfiguration;
			buildSettings = {
				CODE_SIGN_ENTITLEMENTS = NibWidgets/NibWidgets.entitlements;
				INFOPLIST_FILE = NibWidgets/Info.plist;
				LD_RUNPATH_SEARCH_PATHS = (
					"$(inherited)",
					"@executable_path/Frameworks",
					"@executable_path/../../Frameworks",
				);
				PRODUCT_BUNDLE_IDENTIFIER = app.nib.Nib.widgets;
				PRODUCT_NAME = NibWidgets;
				SDKROOT = iphoneos;
				SKIP_INSTALL = YES;
				TARGETED_DEVICE_FAMILY = "1,2";
			};
			name = Debug;
		};
		8ECEE35FB3EDC1CFB772CF94 /* Release */ = {
			isa = XCBuildConfiguration;
			buildSettings = {
				CODE_SIGN_ENTITLEMENTS = NibShare/NibShare.entitlements;
				INFOPLIST_FILE = NibShare/Info.plist;
				LD_RUNPATH_SEARCH_PATHS = (
					"$(inherited)",
					"@executable_path/Frameworks",
					"@executable_path/../../Frameworks",
				);
				PRODUCT_BUNDLE_IDENTIFIER = app.nib.Nib.share;
				PRODUCT_NAME = NibShare;
				SDKROOT = iphoneos;
				SKIP_INSTALL = YES;
				TARGETED_DEVICE_FAMILY = "1,2";
			};
			name = Release;
		};
		B6E0116376357E15C55867A6 /* Debug */ = {
			isa = XCBuildConfiguration;
			buildSettings = {
				ASSETCATALOG_COMPILER_APPICON_NAME = AppIcon;
				ASSETCATALOG_COMPILER_GLOBAL_ACCENT_COLOR_NAME = AccentColor;
				CODE_SIGN_ENTITLEMENTS = Nib/Nib.entitlements;
				CODE_SIGN_IDENTITY = "iPhone Developer";
				INFOPLIST_FILE = Nib/Info.plist;
				LD_RUNPATH_SEARCH_PATHS = (
					"$(inherited)",
					"@executable_path/Frameworks",
				);
				PRODUCT_BUNDLE_IDENTIFIER = app.nib.Nib;
				PRODUCT_NAME = Nib;
				SDKROOT = iphoneos;
				TARGETED_DEVICE_FAMILY = "1,2";
			};
			name = Debug;
		};
		DE43AA37DAD54A200810DB03 /* Debug */ = {
			isa = XCBuildConfiguration;
			buildSettings = {
				ALWAYS_SEARCH_USER_PATHS = NO;
				CLANG_ANALYZER_NONNULL = YES;
				CLANG_ANALYZER_NUMBER_OBJECT_CONVERSION = YES_AGGRESSIVE;
				CLANG_CXX_LANGUAGE_STANDARD = "gnu++14";
				CLANG_CXX_LIBRARY = "libc++";
				CLANG_ENABLE_MODULES = YES;
				CLANG_ENABLE_OBJC_ARC = YES;
				CLANG_ENABLE_OBJC_WEAK = YES;
				CLANG_WARN_BLOCK_CAPTURE_AUTORELEASING = YES;
				CLANG_WARN_BOOL_CONVERSION = YES;
				CLANG_WARN_COMMA = YES;
				CLANG_WARN_CONSTANT_CONVERSION = YES;
				CLANG_WARN_DEPRECATED_OBJC_IMPLEMENTATIONS = YES;
				CLANG_WARN_DIRECT_OBJC_ISA_USAGE = YES_ERROR;
				CLANG_WARN_DOCUMENTATION_COMMENTS = YES;
				CLANG_WARN_EMPTY_BODY = YES;
				CLANG_WARN_ENUM_CONVERSION = YES;
				CLANG_WARN_INFINITE_RECURSION = YES;
				CLANG_WARN_INT_CONVERSION = YES;
				CLANG_WARN_NON_LITERAL_NULL_CONVERSION = YES;
				CLANG_WARN_OBJC_IMPLICIT_RETAIN_SELF = YES;
				CLANG_WARN_OBJC_LITERAL_CONVERSION = YES;
				CLANG_WARN_OBJC_ROOT_CLASS = YES_ERROR;
				CLANG_WARN_QUOTED_INCLUDE_IN_FRAMEWORK_HEADER = YES;
				CLANG_WARN_RANGE_LOOP_ANALYSIS = YES;
				CLANG_WARN_STRICT_PROTOTYPES = YES;
				CLANG_WARN_SUSPICIOUS_MOVE = YES;
				CLANG_WARN_UNGUARDED_AVAILABILITY = YES_AGGRESSIVE;
				CLANG_WARN_UNREACHABLE_CODE = YES;
				CLANG_WARN__DUPLICATE_METHOD_MATCH = YES;
				CODE_SIGNING_ALLOWED = NO;
				CODE_SIGNING_REQUIRED = NO;
				CODE_SIGN_IDENTITY = "";
				COPY_PHASE_STRIP = NO;
				CURRENT_PROJECT_VERSION = 1;
				DEBUG_INFORMATION_FORMAT = dwarf;
				DEVELOPMENT_TEAM = "";
				ENABLE_STRICT_OBJC_MSGSEND = YES;
				ENABLE_TESTABILITY = YES;
				ENABLE_USER_SCRIPT_SANDBOXING = NO;
				GCC_C_LANGUAGE_STANDARD = gnu11;
				GCC_DYNAMIC_NO_PIC = NO;
				GCC_NO_COMMON_BLOCKS = YES;
				GCC_OPTIMIZATION_LEVEL = 0;
				GCC_PREPROCESSOR_DEFINITIONS = (
					"$(inherited)",
					"DEBUG=1",
				);
				GCC_WARN_64_TO_32_BIT_CONVERSION = YES;
				GCC_WARN_ABOUT_RETURN_TYPE = YES_ERROR;
				GCC_WARN_UNDECLARED_SELECTOR = YES;
				GCC_WARN_UNINITIALIZED_AUTOS = YES_AGGRESSIVE;
				GCC_WARN_UNUSED_FUNCTION = YES;
				GCC_WARN_UNUSED_VARIABLE = YES;
				IPHONEOS_DEPLOYMENT_TARGET = 17.0;
				MARKETING_VERSION = 0.1.0;
				MTL_ENABLE_DEBUG_INFO = INCLUDE_SOURCE;
				MTL_FAST_MATH = YES;
				ONLY_ACTIVE_ARCH = YES;
				PRODUCT_NAME = "$(TARGET_NAME)";
				SDKROOT = iphoneos;
				SWIFT_ACTIVE_COMPILATION_CONDITIONS = DEBUG;
				SWIFT_OPTIMIZATION_LEVEL = "-Onone";
				SWIFT_STRICT_CONCURRENCY = minimal;
				SWIFT_VERSION = 5.0;
				TARGETED_DEVICE_FAMILY = "1,2";
			};
			name = Debug;
		};
/* End XCBuildConfiguration section */

/* Begin XCConfigurationList section */
		0CED075021F6DBA547911651 /* Build configuration list for PBXProject "Nib" */ = {
			isa = XCConfigurationList;
			buildConfigurations = (
				DE43AA37DAD54A200810DB03 /* Debug */,
				6B1A84871DD3A3777E5BFFC8 /* Release */,
			);
			defaultConfigurationIsVisible = 0;
			defaultConfigurationName = Debug;
		};
		1359862000C9CB3750885AD8 /* Build configuration list for PBXNativeTarget "Nib" */ = {
			isa = XCConfigurationList;
			buildConfigurations = (
				B6E0116376357E15C55867A6 /* Debug */,
				51354063BCD8539DDCCC302B /* Release */,
			);
			defaultConfigurationIsVisible = 0;
			defaultConfigurationName = Debug;
		};
		8EC4B1D28FB13E9C2E03AC80 /* Build configuration list for PBXNativeTarget "NibWidgets" */ = {
			isa = XCConfigurationList;
			buildConfigurations = (
				7E3A3AEC11697956BBEF9E66 /* Debug */,
				70C674088409B7756C34D3EB /* Release */,
			);
			defaultConfigurationIsVisible = 0;
			defaultConfigurationName = Debug;
		};
		94A8F88EB9AE0090F14272E2 /* Build configuration list for PBXNativeTarget "NibShare" */ = {
			isa = XCConfigurationList;
			buildConfigurations = (
				2F4A4F346F3FC0E946C9B43D /* Debug */,
				8ECEE35FB3EDC1CFB772CF94 /* Release */,
			);
			defaultConfigurationIsVisible = 0;
			defaultConfigurationName = Debug;
		};
/* End XCConfigurationList section */

/* Begin XCLocalSwiftPackageReference section */
		0C9D24A8F427867486749A43 /* XCLocalSwiftPackageReference "NibKit" */ = {
			isa = XCLocalSwiftPackageReference;
			relativePath = NibKit;
		};
/* End XCLocalSwiftPackageReference section */

/* Begin XCSwiftPackageProductDependency section */
		FDAA1FCA80FC87818949AEC4 /* NibKit */ = {
			isa = XCSwiftPackageProductDependency;
			productName = NibKit;
		};
/* End XCSwiftPackageProductDependency section */
	};
	rootObject = DE190AA07A7FBA8D7BC434E9 /* Project object */;
}
